
Microsoft Visual Studio Solution File, Format Version 12.00
# Visual Studio Version 16
VisualStudioVersion = 25.0.1705.4
MinimumVisualStudioVersion = 10.0.40219.1
Project("{FAE04EC0-301F-11D3-BF4B-00C04F79EFBC}") = "turbin.sikker.core", "turbin.sikker.core.csproj", "{BEF497E8-1F5C-4134-9FA0-90F75DA3C6CC}"
EndProject
Global
	GlobalSection(SolutionConfigurationPlatforms) = preSolution
		Debug|Any CPU = Debug|Any CPU
		Release|Any CPU = Release|Any CPU
	EndGlobalSection
	GlobalSection(ProjectConfigurationPlatforms) = postSolution
		{BEF497E8-1F5C-4134-9FA0-90F75DA3C6CC}.Debug|Any CPU.ActiveCfg = Debug|Any CPU
		{BEF497E8-1F5C-4134-9FA0-90F75DA3C6CC}.Debug|Any CPU.Build.0 = Debug|Any CPU
		{BEF497E8-1F5C-4134-9FA0-90F75DA3C6CC}.Release|Any CPU.ActiveCfg = Release|Any CPU
		{BEF497E8-1F5C-4134-9FA0-90F75DA3C6CC}.Release|Any CPU.Build.0 = Release|Any CPU
	EndGlobalSection
	GlobalSection(SolutionProperties) = preSolution
		HideSolutionNode = FALSE
	EndGlobalSection
	GlobalSection(ExtensibilityGlobals) = postSolution
		SolutionGuid = {A82146DE-E52B-4AC0-8FA4-F41F1283A4CB}
	EndGlobalSection
EndGlobal
